
Microsoft Visual Studio Solution File, Format Version 12.00
# Visual Studio Version 17
VisualStudioVersion = 17.4.33213.308
MinimumVisualStudioVersion = 10.0.40219.1
Project("{FAE04EC0-301F-11D3-BF4B-00C04F79EFBC}") = "COMP003A.LectureActivity2", "COMP003A.LectureActivity2\COMP003A.LectureActivity2.csproj", "{B14F81C1-2976-4345-A37C-8FF454AC5A7F}"
EndProject
Global
	GlobalSection(SolutionConfigurationPlatforms) = preSolution
		Debug|Any CPU = Debug|Any CPU
		Release|Any CPU = Release|Any CPU
	EndGlobalSection
	GlobalSection(ProjectConfigurationPlatforms) = postSolution
		{B14F81C1-2976-4345-A37C-8FF454AC5A7F}.Debug|Any CPU.ActiveCfg = Debug|Any CPU
		{B14F81C1-2976-4345-A37C-8FF454AC5A7F}.Debug|Any CPU.Build.0 = Debug|Any CPU
		{B14F81C1-2976-4345-A37C-8FF454AC5A7F}.Release|Any CPU.ActiveCfg = Release|Any CPU
		{B14F81C1-2976-4345-A37C-8FF454AC5A7F}.Release|Any CPU.Build.0 = Release|Any CPU
	EndGlobalSection
	GlobalSection(SolutionProperties) = preSolution
		HideSolutionNode = FALSE
	EndGlobalSection
	GlobalSection(ExtensibilityGlobals) = postSolution
		SolutionGuid = {0FEEE756-4B14-4350-945E-7B779CA9E509}
	EndGlobalSection
EndGlobal
